// !$*UTF8*$!
{
	archiveVersion = 1;
	classes = {
	};
	objectVersion = 46;
	objects = {

/* Begin PBXBuildFile section */
		C2D915841D8D862D00D6B252 /* AppDelegate.swift in Sources */ = {isa = PBXBuildFile; fileRef = C2D915831D8D862D00D6B252 /* AppDelegate.swift */; };
		C2D915891D8D862D00D6B252 /* Main.storyboard in Resources */ = {isa = PBXBuildFile; fileRef = C2D915871D8D862D00D6B252 /* Main.storyboard */; };
		C2D9158C1D8D862D00D6B252 /* Diario_de_Classe.xcdatamodeld in Sources */ = {isa = PBXBuildFile; fileRef = C2D9158A1D8D862D00D6B252 /* Diario_de_Classe.xcdatamodeld */; };
		C2D9158E1D8D862D00D6B252 /* Assets.xcassets in Resources */ = {isa = PBXBuildFile; fileRef = C2D9158D1D8D862D00D6B252 /* Assets.xcassets */; };
		C2D915911D8D862D00D6B252 /* LaunchScreen.storyboard in Resources */ = {isa = PBXBuildFile; fileRef = C2D9158F1D8D862D00D6B252 /* LaunchScreen.storyboard */; };
		C2D9159C1D8D8B5A00D6B252 /* TurmasTableViewController.swift in Sources */ = {isa = PBXBuildFile; fileRef = C2D9159B1D8D8B5A00D6B252 /* TurmasTableViewController.swift */; };
/* End PBXBuildFile section */

/* Begin PBXFileReference section */
		C2D915801D8D862D00D6B252 /* Diario de Classe.app */ = {isa = PBXFileReference; explicitFileType = wrapper.application; includeInIndex = 0; path = "Diario de Classe.app"; sourceTree = BUILT_PRODUCTS_DIR; };
		C2D915831D8D862D00D6B252 /* AppDelegate.swift */ = {isa = PBXFileReference; lastKnownFileType = sourcecode.swift; path = AppDelegate.swift; sourceTree = "<group>"; };
		C2D915881D8D862D00D6B252 /* Base */ = {isa = PBXFileReference; lastKnownFileType = file.storyboard; name = Base; path = Base.lproj/Main.storyboard; sourceTree = "<group>"; };
		C2D9158B1D8D862D00D6B252 /* Diario_de_Classe.xcdatamodel */ = {isa = PBXFileReference; lastKnownFileType = wrapper.xcdatamodel; path = Diario_de_Classe.xcdatamodel; sourceTree = "<group>"; };
		C2D9158D1D8D862D00D6B252 /* Assets.xcassets */ = {isa = PBXFileReference; lastKnownFileType = folder.assetcatalog; path = Assets.xcassets; sourceTree = "<group>"; };
		C2D915901D8D862D00D6B252 /* Base */ = {isa = PBXFileReference; lastKnownFileType = file.storyboard; name = Base; path = Base.lproj/LaunchScreen.storyboard; sourceTree = "<group>"; };
		C2D915921D8D862D00D6B252 /* Info.plist */ = {isa = PBXFileReference; lastKnownFileType = text.plist.xml; path = Info.plist; sourceTree = "<group>"; };
		C2D9159B1D8D8B5A00D6B252 /* TurmasTableViewController.swift */ = {isa = PBXFileReference; fileEncoding = 4; lastKnownFileType = sourcecode.swift; path = TurmasTableViewController.swift; sourceTree = "<group>"; };
/* End PBXFileReference section */

/* Begin PBXFrameworksBuildPhase section */
		C2D9157D1D8D862D00D6B252 /* Frameworks */ = {
			isa = PBXFrameworksBuildPhase;
			buildActionMask = 2147483647;
			files = (
			);
			runOnlyForDeploymentPostprocessing = 0;
		};
/* End PBXFrameworksBuildPhase section */

/* Begin PBXGroup section */
		C2D915771D8D862D00D6B252 = {
			isa = PBXGroup;
			children = (
				C2D915821D8D862D00D6B252 /* Diario de Classe */,
				C2D915811D8D862D00D6B252 /* Products */,
			);
			sourceTree = "<group>";
		};
		C2D915811D8D862D00D6B252 /* Products */ = {
			isa = PBXGroup;
			children = (
				C2D915801D8D862D00D6B252 /* Diario de Classe.app */,
			);
			name = Products;
			sourceTree = "<group>";
		};
		C2D915821D8D862D00D6B252 /* Diario de Classe */ = {
			isa = PBXGroup;
			children = (
				C2D9159E1D8D8B8400D6B252 /* TurmaController */,
				C2D915981D8D86DA00D6B252 /* Support Files */,
				C2D915991D8D876A00D6B252 /* View */,
				C2D9159A1D8D877D00D6B252 /* Data Model */,
			);
			path = "Diario de Classe";
			sourceTree = "<group>";
		};
		C2D915981D8D86DA00D6B252 /* Support Files */ = {
			isa = PBXGroup;
			children = (
				C2D915831D8D862D00D6B252 /* AppDelegate.swift */,
				C2D9158D1D8D862D00D6B252 /* Assets.xcassets */,
				C2D9158F1D8D862D00D6B252 /* LaunchScreen.storyboard */,
				C2D915921D8D862D00D6B252 /* Info.plist */,
			);
			name = "Support Files";
			sourceTree = "<group>";
		};
		C2D915991D8D876A00D6B252 /* View */ = {
			isa = PBXGroup;
			children = (
				C2D915871D8D862D00D6B252 /* Main.storyboard */,
			);
			name = View;
			sourceTree = "<group>";
		};
		C2D9159A1D8D877D00D6B252 /* Data Model */ = {
			isa = PBXGroup;
			children = (
				C2D9158A1D8D862D00D6B252 /* Diario_de_Classe.xcdatamodeld */,
			);
			name = "Data Model";
			sourceTree = "<group>";
		};
		C2D9159E1D8D8B8400D6B252 /* TurmaController */ = {
			isa = PBXGroup;
			children = (
				C2D9159B1D8D8B5A00D6B252 /* TurmasTableViewController.swift */,
			);
			name = TurmaController;
			path = ..;
			sourceTree = "<group>";
		};
/* End PBXGroup section */

/* Begin PBXNativeTarget section */
		C2D9157F1D8D862D00D6B252 /* Diario de Classe */ = {
			isa = PBXNativeTarget;
			buildConfigurationList = C2D915951D8D862D00D6B252 /* Build configuration list for PBXNativeTarget "Diario de Classe" */;
			buildPhases = (
				C2D9157C1D8D862D00D6B252 /* Sources */,
				C2D9157D1D8D862D00D6B252 /* Frameworks */,
				C2D9157E1D8D862D00D6B252 /* Resources */,
			);
			buildRules = (
			);
			dependencies = (
			);
			name = "Diario de Classe";
			productName = "Diario de Classe";
			productReference = C2D915801D8D862D00D6B252 /* Diario de Classe.app */;
			productType = "com.apple.product-type.application";
		};
/* End PBXNativeTarget section */

/* Begin PBXProject section */
		C2D915781D8D862D00D6B252 /* Project object */ = {
			isa = PBXProject;
			attributes = {
				LastSwiftUpdateCheck = 0730;
				LastUpgradeCheck = 0730;
				ORGANIZATIONNAME = "Faculdade Senac Porto Alegre";
				TargetAttributes = {
					C2D9157F1D8D862D00D6B252 = {
						CreatedOnToolsVersion = 7.3;
					};
				};
			};
			buildConfigurationList = C2D9157B1D8D862D00D6B252 /* Build configuration list for PBXProject "Diario de Classe" */;
			compatibilityVersion = "Xcode 3.2";
			developmentRegion = English;
			hasScannedForEncodings = 0;
			knownRegions = (
				en,
				Base,
			);
			mainGroup = C2D915771D8D862D00D6B252;
			productRefGroup = C2D915811D8D862D00D6B252 /* Products */;
			projectDirPath = "";
			projectRoot = "";
			targets = (
				C2D9157F1D8D862D00D6B252 /* Diario de Classe */,
			);
		};
/* End PBXProject section */

/* Begin PBXResourcesBuildPhase section */
		C2D9157E1D8D862D00D6B252 /* Resources */ = {
			isa = PBXResourcesBuildPhase;
			buildActionMask = 2147483647;
			files = (
				C2D915911D8D862D00D6B252 /* LaunchScreen.storyboard in Resources */,
				C2D9158E1D8D862D00D6B252 /* Assets.xcassets in Resources */,
				C2D915891D8D862D00D6B252 /* Main.storyboard in Resources */,
			);
			runOnlyForDeploymentPostprocessing = 0;
		};
/* End PBXResourcesBuildPhase section */

/* Begin PBXSourcesBuildPhase section */
		C2D9157C1D8D862D00D6B252 /* Sources */ = {
			isa = PBXSourcesBuildPhase;
			buildActionMask = 2147483647;
			files = (
				C2D9159C1D8D8B5A00D6B252 /* TurmasTableViewController.swift in Sources */,
				C2D9158C1D8D862D00D6B252 /* Diario_de_Classe.xcdatamodeld in Sources */,
				C2D915841D8D862D00D6B252 /* AppDelegate.swift in Sources */,
			);
			runOnlyForDeploymentPostprocessing = 0;
		};
/* End PBXSourcesBuildPhase section */

/* Begin PBXVariantGroup section */
		C2D915871D8D862D00D6B252 /* Main.storyboard */ = {
			isa = PBXVariantGroup;
			children = (
				C2D915881D8D862D00D6B252 /* Base */,
			);
			name = Main.storyboard;
			sourceTree = "<group>";
		};
		C2D9158F1D8D862D00D6B252 /* LaunchScreen.storyboard */ = {
			isa = PBXVariantGroup;
			children = (
				C2D915901D8D862D00D6B252 /* Base */,
			);
			name = LaunchScreen.storyboard;
			sourceTree = "<group>";
		};
/* End PBXVariantGroup section */

/* Begin XCBuildConfiguration section */
		C2D915931D8D862D00D6B252 /* Debug */ = {
			isa = XCBuildConfiguration;
			buildSettings = {
				ALWAYS_SEARCH_USER_PATHS = NO;
				CLANG_ANALYZER_NONNULL = YES;
				CLANG_CXX_LANGUAGE_STANDARD = "gnu++0x";
				CLANG_CXX_LIBRARY = "libc++";
				CLANG_ENABLE_MODULES = YES;
				CLANG_ENABLE_OBJC_ARC = YES;
				CLANG_WARN_BOOL_CONVERSION = YES;
				CLANG_WARN_CONSTANT_CONVERSION = YES;
				CLANG_WARN_DIRECT_OBJC_ISA_USAGE = YES_ERROR;
				CLANG_WARN_EMPTY_BODY = YES;
				CLANG_WARN_ENUM_CONVERSION = YES;
				CLANG_WARN_INT_CONVERSION = YES;
				CLANG_WARN_OBJC_ROOT_CLASS = YES_ERROR;
				CLANG_WARN_UNREACHABLE_CODE = YES;
				CLANG_WARN__DUPLICATE_METHOD_MATCH = YES;
				"CODE_SIGN_IDENTITY[sdk=iphoneos*]" = "iPhone Developer";
				COPY_PHASE_STRIP = NO;
				DEBUG_INFORMATION_FORMAT = dwarf;
				ENABLE_STRICT_OBJC_MSGSEND = YES;
				ENABLE_TESTABILITY = YES;
				GCC_C_LANGUAGE_STANDARD = gnu99;
				GCC_DYNAMIC_NO_PIC = NO;
				GCC_NO_COMMON_BLOCKS = YES;
				GCC_OPTIMIZATION_LEVEL = 0;
				GCC_PREPROCESSOR_DEFINITIONS = (
					"DEBUG=1",
					"$(inherited)",
				);
				GCC_WARN_64_TO_32_BIT_CONVERSION = YES;
				GCC_WARN_ABOUT_RETURN_TYPE = YES_ERROR;
				GCC_WARN_UNDECLARED_SELECTOR = YES;
				GCC_WARN_UNINITIALIZED_AUTOS = YES_AGGRESSIVE;
				GCC_WARN_UNUSED_FUNCTION = YES;
				GCC_WARN_UNUSED_VARIABLE = YES;
				IPHONEOS_DEPLOYMENT_TARGET = 9.3;
				MTL_ENABLE_DEBUG_INFO = YES;
				ONLY_ACTIVE_ARCH = YES;
				SDKROOT = iphoneos;
				SWIFT_OPTIMIZATION_LEVEL = "-Onone";
				TARGETED_DEVICE_FAMILY = "1,2";
			};
			name = Debug;
		};
		C2D915941D8D862D00D6B252 /* Release */ = {
			isa = XCBuildConfiguration;
			buildSettings = {
				ALWAYS_SEARCH_USER_PATHS = NO;
				CLANG_ANALYZER_NONNULL = YES;
				CLANG_CXX_LANGUAGE_STANDARD = "gnu++0x";
				CLANG_CXX_LIBRARY = "libc++";
				CLANG_ENABLE_MODULES = YES;
				CLANG_ENABLE_OBJC_ARC = YES;
				CLANG_WARN_BOOL_CONVERSION = YES;
				CLANG_WARN_CONSTANT_CONVERSION = YES;
				CLANG_WARN_DIRECT_OBJC_ISA_USAGE = YES_ERROR;
				CLANG_WARN_EMPTY_BODY = YES;
				CLANG_WARN_ENUM_CONVERSION = YES;
				CLANG_WARN_INT_CONVERSION = YES;
				CLANG_WARN_OBJC_ROOT_CLASS = YES_ERROR;
				CLANG_WARN_UNREACHABLE_CODE = YES;
				CLANG_WARN__DUPLICATE_METHOD_MATCH = YES;
				"CODE_SIGN_IDENTITY[sdk=iphoneos*]" = "iPhone Developer";
				COPY_PHASE_STRIP = NO;
				DEBUG_INFORMATION_FORMAT = "dwarf-with-dsym";
				ENABLE_NS_ASSERTIONS = NO;
				ENABLE_STRICT_OBJC_MSGSEND = YES;
				GCC_C_LANGUAGE_STANDARD = gnu99;
				GCC_NO_COMMON_BLOCKS = YES;
				GCC_WARN_64_TO_32_BIT_CONVERSION = YES;
				GCC_WARN_ABOUT_RETURN_TYPE = YES_ERROR;
				GCC_WARN_UNDECLARED_SELECTOR = YES;
				GCC_WARN_UNINITIALIZED_AUTOS = YES_AGGRESSIVE;
				GCC_WARN_UNUSED_FUNCTION = YES;
				GCC_WARN_UNUSED_VARIABLE = YES;
				IPHONEOS_DEPLOYMENT_TARGET = 9.3;
				MTL_ENABLE_DEBUG_INFO = NO;
				SDKROOT = iphoneos;
				TARGETED_DEVICE_FAMILY = "1,2";
				VALIDATE_PRODUCT = YES;
			};
			name = Release;
		};
		C2D915961D8D862D00D6B252 /* Debug */ = {
			isa = XCBuildConfiguration;
			buildSettings = {
				ASSETCATALOG_COMPILER_APPICON_NAME = AppIcon;
				INFOPLIST_FILE = "Diario de Classe/Info.plist";
				LD_RUNPATH_SEARCH_PATHS = "$(inherited) @executable_path/Frameworks";
				PRODUCT_BUNDLE_IDENTIFIER = "br.com.fochezatto.Diario-de-Classe";
				PRODUCT_NAME = "$(TARGET_NAME)";
			};
			name = Debug;
		};
		C2D915971D8D862D00D6B252 /* Release */ = {
			isa = XCBuildConfiguration;
			buildSettings = {
				ASSETCATALOG_COMPILER_APPICON_NAME = AppIcon;
				INFOPLIST_FILE = "Diario de Classe/Info.plist";
				LD_RUNPATH_SEARCH_PATHS = "$(inherited) @executable_path/Frameworks";
				PRODUCT_BUNDLE_IDENTIFIER = "br.com.fochezatto.Diario-de-Classe";
				PRODUCT_NAME = "$(TARGET_NAME)";
			};
			name = Release;
		};
/* End XCBuildConfiguration section */

/* Begin XCConfigurationList section */
		C2D9157B1D8D862D00D6B252 /* Build configuration list for PBXProject "Diario de Classe" */ = {
			isa = XCConfigurationList;
			buildConfigurations = (
				C2D915931D8D862D00D6B252 /* Debug */,
				C2D915941D8D862D00D6B252 /* Release */,
			);
			defaultConfigurationIsVisible = 0;
			defaultConfigurationName = Release;
		};
		C2D915951D8D862D00D6B252 /* Build configuration list for PBXNativeTarget "Diario de Classe" */ = {
			isa = XCConfigurationList;
			buildConfigurations = (
				C2D915961D8D862D00D6B252 /* Debug */,
				C2D915971D8D862D00D6B252 /* Release */,
			);
			defaultConfigurationIsVisible = 0;
		};
/* End XCConfigurationList section */

/* Begin XCVersionGroup section */
		C2D9158A1D8D862D00D6B252 /* Diario_de_Classe.xcdatamodeld */ = {
			isa = XCVersionGroup;
			children = (
				C2D9158B1D8D862D00D6B252 /* Diario_de_Classe.xcdatamodel */,
			);
			currentVersion = C2D9158B1D8D862D00D6B252 /* Diario_de_Classe.xcdatamodel */;
			path = Diario_de_Classe.xcdatamodeld;
			sourceTree = "<group>";
			versionGroupType = wrapper.xcdatamodel;
		};
/* End XCVersionGroup section */
	};
	rootObject = C2D915781D8D862D00D6B252 /* Project object */;
}
